
Microsoft Visual Studio Solution File, Format Version 12.00
# Visual Studio Version 17
VisualStudioVersion = 17.5.33516.290
MinimumVisualStudioVersion = 10.0.40219.1
Project("{8BC9CEB8-8B4A-11D0-8D11-00A0C91BC942}") = "KitchenAngel", "KitchenAngel\KitchenAngel.vcxproj", "{3C70A084-D956-4C47-A403-D7A689ED7054}"
EndProject
Global
	GlobalSection(SolutionConfigurationPlatforms) = preSolution
		Debug|x64 = Debug|x64
		Debug|x86 = Debug|x86
		Release|x64 = Release|x64
		Release|x86 = Release|x86
	EndGlobalSection
	GlobalSection(ProjectConfigurationPlatforms) = postSolution
		{3C70A084-D956-4C47-A403-D7A689ED7054}.Debug|x64.ActiveCfg = Debug|x64
		{3C70A084-D956-4C47-A403-D7A689ED7054}.Debug|x64.Build.0 = Debug|x64
		{3C70A084-D956-4C47-A403-D7A689ED7054}.Debug|x86.ActiveCfg = Debug|Win32
		{3C70A084-D956-4C47-A403-D7A689ED7054}.Debug|x86.Build.0 = Debug|Win32
		{3C70A084-D956-4C47-A403-D7A689ED7054}.Release|x64.ActiveCfg = Release|x64
		{3C70A084-D956-4C47-A403-D7A689ED7054}.Release|x64.Build.0 = Release|x64
		{3C70A084-D956-4C47-A403-D7A689ED7054}.Release|x86.ActiveCfg = Release|Win32
		{3C70A084-D956-4C47-A403-D7A689ED7054}.Release|x86.Build.0 = Release|Win32
	EndGlobalSection
	GlobalSection(SolutionProperties) = preSolution
		HideSolutionNode = FALSE
	EndGlobalSection
	GlobalSection(ExtensibilityGlobals) = postSolution
		SolutionGuid = {A9DA01F1-06AE-4A69-AC33-0B28F449AD83}
	EndGlobalSection
EndGlobal
